
Microsoft Visual Studio Solution File, Format Version 12.00
# Visual Studio 15
VisualStudioVersion = 15.0.28307.572
MinimumVisualStudioVersion = 10.0.40219.1
Project("{FAE04EC0-301F-11D3-BF4B-00C04F79EFBC}") = "SharpStacker", "SharpStacker\SharpStacker.csproj", "{33C8BFE4-7464-4F1E-B5E1-5A3E93E498CC}"
EndProject
Global
	GlobalSection(SolutionConfigurationPlatforms) = preSolution
		Debug|Any CPU = Debug|Any CPU
		Release|Any CPU = Release|Any CPU
	EndGlobalSection
	GlobalSection(ProjectConfigurationPlatforms) = postSolution
		{33C8BFE4-7464-4F1E-B5E1-5A3E93E498CC}.Debug|Any CPU.ActiveCfg = Debug|Any CPU
		{33C8BFE4-7464-4F1E-B5E1-5A3E93E498CC}.Debug|Any CPU.Build.0 = Debug|Any CPU
		{33C8BFE4-7464-4F1E-B5E1-5A3E93E498CC}.Release|Any CPU.ActiveCfg = Release|Any CPU
		{33C8BFE4-7464-4F1E-B5E1-5A3E93E498CC}.Release|Any CPU.Build.0 = Release|Any CPU
	EndGlobalSection
	GlobalSection(SolutionProperties) = preSolution
		HideSolutionNode = FALSE
	EndGlobalSection
	GlobalSection(ExtensibilityGlobals) = postSolution
		SolutionGuid = {80983D2E-FF21-4059-BA22-94AAE738E5D8}
	EndGlobalSection
EndGlobal
